// !$*UTF8*$!
{
	archiveVersion = 1;
	classes = {
	};
	objectVersion = 50;
	objects = {

/* Begin PBXBuildFile section */
		CD30AD99D8D096B27060612A /* Pods_Futbol_Source.framework in Frameworks */ = {isa = PBXBuildFile; fileRef = 3FFB9774D411D95C9CA36989 /* Pods_Futbol_Source.framework */; };
		DA8697DB22A1DCDA00176317 /* LeaguesCollectionVC.swift in Sources */ = {isa = PBXBuildFile; fileRef = DA8697DA22A1DCDA00176317 /* LeaguesCollectionVC.swift */; };
		DA8697DD22A1DD8000176317 /* LeaguesCollectionViewCell.swift in Sources */ = {isa = PBXBuildFile; fileRef = DA8697DC22A1DD8000176317 /* LeaguesCollectionViewCell.swift */; };
		DA8697E122A1F7BD00176317 /* API_Endpoints.swift in Sources */ = {isa = PBXBuildFile; fileRef = DA8697E022A1F7BD00176317 /* API_Endpoints.swift */; };
		DA8697E422A1F9DE00176317 /* LeagueAPI.swift in Sources */ = {isa = PBXBuildFile; fileRef = DA8697E322A1F9DE00176317 /* LeagueAPI.swift */; };
		DAB0C68722A0E7A500A3AF8D /* Theme.swift in Sources */ = {isa = PBXBuildFile; fileRef = DAB0C68622A0E7A500A3AF8D /* Theme.swift */; };
		DAB0C68A22A0E9E900A3AF8D /* UISearchBarApperance.swift in Sources */ = {isa = PBXBuildFile; fileRef = DAB0C68922A0E9E900A3AF8D /* UISearchBarApperance.swift */; };
		DAB0C69122A106CE00A3AF8D /* DataSet.swift in Sources */ = {isa = PBXBuildFile; fileRef = DAB0C69022A106CE00A3AF8D /* DataSet.swift */; };
		DAB0C69322A107A000A3AF8D /* Leagues.swift in Sources */ = {isa = PBXBuildFile; fileRef = DAB0C69222A107A000A3AF8D /* Leagues.swift */; };
		DACFD42322A0DF4700F9489D /* AppDelegate.swift in Sources */ = {isa = PBXBuildFile; fileRef = DACFD42222A0DF4700F9489D /* AppDelegate.swift */; };
		DACFD42822A0DF4700F9489D /* Main.storyboard in Resources */ = {isa = PBXBuildFile; fileRef = DACFD42622A0DF4700F9489D /* Main.storyboard */; };
		DACFD42A22A0DF4800F9489D /* Assets.xcassets in Resources */ = {isa = PBXBuildFile; fileRef = DACFD42922A0DF4800F9489D /* Assets.xcassets */; };
		DACFD42D22A0DF4800F9489D /* LaunchScreen.storyboard in Resources */ = {isa = PBXBuildFile; fileRef = DACFD42B22A0DF4800F9489D /* LaunchScreen.storyboard */; };
/* End PBXBuildFile section */

/* Begin PBXFileReference section */
		3FFB9774D411D95C9CA36989 /* Pods_Futbol_Source.framework */ = {isa = PBXFileReference; explicitFileType = wrapper.framework; includeInIndex = 0; path = Pods_Futbol_Source.framework; sourceTree = BUILT_PRODUCTS_DIR; };
		77908679D61AE604442B8F09 /* Pods-Futbol Source.release.xcconfig */ = {isa = PBXFileReference; includeInIndex = 1; lastKnownFileType = text.xcconfig; name = "Pods-Futbol Source.release.xcconfig"; path = "Target Support Files/Pods-Futbol Source/Pods-Futbol Source.release.xcconfig"; sourceTree = "<group>"; };
		DA8697DA22A1DCDA00176317 /* LeaguesCollectionVC.swift */ = {isa = PBXFileReference; lastKnownFileType = sourcecode.swift; path = LeaguesCollectionVC.swift; sourceTree = "<group>"; };
		DA8697DC22A1DD8000176317 /* LeaguesCollectionViewCell.swift */ = {isa = PBXFileReference; lastKnownFileType = sourcecode.swift; path = LeaguesCollectionViewCell.swift; sourceTree = "<group>"; };
		DA8697E022A1F7BD00176317 /* API_Endpoints.swift */ = {isa = PBXFileReference; lastKnownFileType = sourcecode.swift; path = API_Endpoints.swift; sourceTree = "<group>"; };
		DA8697E322A1F9DE00176317 /* LeagueAPI.swift */ = {isa = PBXFileReference; lastKnownFileType = sourcecode.swift; path = LeagueAPI.swift; sourceTree = "<group>"; };
		DAB0C68622A0E7A500A3AF8D /* Theme.swift */ = {isa = PBXFileReference; lastKnownFileType = sourcecode.swift; path = Theme.swift; sourceTree = "<group>"; };
		DAB0C68922A0E9E900A3AF8D /* UISearchBarApperance.swift */ = {isa = PBXFileReference; lastKnownFileType = sourcecode.swift; path = UISearchBarApperance.swift; sourceTree = "<group>"; };
		DAB0C69022A106CE00A3AF8D /* DataSet.swift */ = {isa = PBXFileReference; lastKnownFileType = sourcecode.swift; path = DataSet.swift; sourceTree = "<group>"; };
		DAB0C69222A107A000A3AF8D /* Leagues.swift */ = {isa = PBXFileReference; lastKnownFileType = sourcecode.swift; path = Leagues.swift; sourceTree = "<group>"; };
		DACFD41F22A0DF4700F9489D /* Futbol Source.app */ = {isa = PBXFileReference; explicitFileType = wrapper.application; includeInIndex = 0; path = "Futbol Source.app"; sourceTree = BUILT_PRODUCTS_DIR; };
		DACFD42222A0DF4700F9489D /* AppDelegate.swift */ = {isa = PBXFileReference; lastKnownFileType = sourcecode.swift; path = AppDelegate.swift; sourceTree = "<group>"; };
		DACFD42722A0DF4700F9489D /* Base */ = {isa = PBXFileReference; lastKnownFileType = file.storyboard; name = Base; path = Base.lproj/Main.storyboard; sourceTree = "<group>"; };
		DACFD42922A0DF4800F9489D /* Assets.xcassets */ = {isa = PBXFileReference; lastKnownFileType = folder.assetcatalog; path = Assets.xcassets; sourceTree = "<group>"; };
		DACFD42C22A0DF4800F9489D /* Base */ = {isa = PBXFileReference; lastKnownFileType = file.storyboard; name = Base; path = Base.lproj/LaunchScreen.storyboard; sourceTree = "<group>"; };
		DACFD42E22A0DF4800F9489D /* Info.plist */ = {isa = PBXFileReference; lastKnownFileType = text.plist.xml; path = Info.plist; sourceTree = "<group>"; };
		DCBE0D9550806CFF816EC409 /* Pods-Futbol Source.debug.xcconfig */ = {isa = PBXFileReference; includeInIndex = 1; lastKnownFileType = text.xcconfig; name = "Pods-Futbol Source.debug.xcconfig"; path = "Target Support Files/Pods-Futbol Source/Pods-Futbol Source.debug.xcconfig"; sourceTree = "<group>"; };
/* End PBXFileReference section */

/* Begin PBXFrameworksBuildPhase section */
		DACFD41C22A0DF4700F9489D /* Frameworks */ = {
			isa = PBXFrameworksBuildPhase;
			buildActionMask = 2147483647;
			files = (
				CD30AD99D8D096B27060612A /* Pods_Futbol_Source.framework in Frameworks */,
			);
			runOnlyForDeploymentPostprocessing = 0;
		};
/* End PBXFrameworksBuildPhase section */

/* Begin PBXGroup section */
		88914BFB694442804135C3A2 /* Frameworks */ = {
			isa = PBXGroup;
			children = (
				3FFB9774D411D95C9CA36989 /* Pods_Futbol_Source.framework */,
			);
			name = Frameworks;
			sourceTree = "<group>";
		};
		DA8697E222A1F9B800176317 /* API_CALLS */ = {
			isa = PBXGroup;
			children = (
				DA8697E322A1F9DE00176317 /* LeagueAPI.swift */,
			);
			path = API_CALLS;
			sourceTree = "<group>";
		};
		DAB0C68222A0E2AE00A3AF8D /* Model */ = {
			isa = PBXGroup;
			children = (
				DAB0C69222A107A000A3AF8D /* Leagues.swift */,
			);
			path = Model;
			sourceTree = "<group>";
		};
		DAB0C68322A0E2B400A3AF8D /* View */ = {
			isa = PBXGroup;
			children = (
				DA8697DC22A1DD8000176317 /* LeaguesCollectionViewCell.swift */,
			);
			path = View;
			sourceTree = "<group>";
		};
		DAB0C68422A0E2BA00A3AF8D /* Controller */ = {
			isa = PBXGroup;
			children = (
				DA8697DA22A1DCDA00176317 /* LeaguesCollectionVC.swift */,
			);
			path = Controller;
			sourceTree = "<group>";
		};
		DAB0C68522A0E79600A3AF8D /* Resources */ = {
			isa = PBXGroup;
			children = (
				DAB0C68822A0E9C800A3AF8D /* UIExtensions */,
				DAB0C68622A0E7A500A3AF8D /* Theme.swift */,
			);
			path = Resources;
			sourceTree = "<group>";
		};
		DAB0C68822A0E9C800A3AF8D /* UIExtensions */ = {
			isa = PBXGroup;
			children = (
				DAB0C68922A0E9E900A3AF8D /* UISearchBarApperance.swift */,
			);
			path = UIExtensions;
			sourceTree = "<group>";
		};
		DAB0C68F22A106BB00A3AF8D /* Data */ = {
			isa = PBXGroup;
			children = (
				DAB0C69022A106CE00A3AF8D /* DataSet.swift */,
				DA8697E022A1F7BD00176317 /* API_Endpoints.swift */,
			);
			path = Data;
			sourceTree = "<group>";
		};
		DACFD41622A0DF4700F9489D = {
			isa = PBXGroup;
			children = (
				DACFD42122A0DF4700F9489D /* Futbol Source */,
				DACFD42022A0DF4700F9489D /* Products */,
				E65ECF9AFE9AFB0D3CED60EC /* Pods */,
				88914BFB694442804135C3A2 /* Frameworks */,
			);
			sourceTree = "<group>";
		};
		DACFD42022A0DF4700F9489D /* Products */ = {
			isa = PBXGroup;
			children = (
				DACFD41F22A0DF4700F9489D /* Futbol Source.app */,
			);
			name = Products;
			sourceTree = "<group>";
		};
		DACFD42122A0DF4700F9489D /* Futbol Source */ = {
			isa = PBXGroup;
			children = (
				DA8697E222A1F9B800176317 /* API_CALLS */,
				DAB0C68F22A106BB00A3AF8D /* Data */,
				DAB0C68522A0E79600A3AF8D /* Resources */,
				DAB0C68222A0E2AE00A3AF8D /* Model */,
				DAB0C68322A0E2B400A3AF8D /* View */,
				DAB0C68422A0E2BA00A3AF8D /* Controller */,
				DACFD42222A0DF4700F9489D /* AppDelegate.swift */,
				DACFD42622A0DF4700F9489D /* Main.storyboard */,
				DACFD42922A0DF4800F9489D /* Assets.xcassets */,
				DACFD42B22A0DF4800F9489D /* LaunchScreen.storyboard */,
				DACFD42E22A0DF4800F9489D /* Info.plist */,
			);
			path = "Futbol Source";
			sourceTree = "<group>";
		};
		E65ECF9AFE9AFB0D3CED60EC /* Pods */ = {
			isa = PBXGroup;
			children = (
				DCBE0D9550806CFF816EC409 /* Pods-Futbol Source.debug.xcconfig */,
				77908679D61AE604442B8F09 /* Pods-Futbol Source.release.xcconfig */,
			);
			name = Pods;
			path = Pods;
			sourceTree = "<group>";
		};
/* End PBXGroup section */

/* Begin PBXNativeTarget section */
		DACFD41E22A0DF4700F9489D /* Futbol Source */ = {
			isa = PBXNativeTarget;
			buildConfigurationList = DACFD43122A0DF4800F9489D /* Build configuration list for PBXNativeTarget "Futbol Source" */;
			buildPhases = (
				5EF923246F573D2B7139E5A0 /* [CP] Check Pods Manifest.lock */,
				DACFD41B22A0DF4700F9489D /* Sources */,
				DACFD41C22A0DF4700F9489D /* Frameworks */,
				DACFD41D22A0DF4700F9489D /* Resources */,
				DDC7FFC5121F25AA0E9B01AE /* [CP] Embed Pods Frameworks */,
			);
			buildRules = (
			);
			dependencies = (
			);
			name = "Futbol Source";
			productName = "Futbol Source";
			productReference = DACFD41F22A0DF4700F9489D /* Futbol Source.app */;
			productType = "com.apple.product-type.application";
		};
/* End PBXNativeTarget section */

/* Begin PBXProject section */
		DACFD41722A0DF4700F9489D /* Project object */ = {
			isa = PBXProject;
			attributes = {
				LastSwiftUpdateCheck = 1020;
				LastUpgradeCheck = 1020;
				ORGANIZATIONNAME = "Brian Canela";
				TargetAttributes = {
					DACFD41E22A0DF4700F9489D = {
						CreatedOnToolsVersion = 10.2.1;
					};
				};
			};
			buildConfigurationList = DACFD41A22A0DF4700F9489D /* Build configuration list for PBXProject "Futbol Source" */;
			compatibilityVersion = "Xcode 9.3";
			developmentRegion = en;
			hasScannedForEncodings = 0;
			knownRegions = (
				en,
				Base,
			);
			mainGroup = DACFD41622A0DF4700F9489D;
			productRefGroup = DACFD42022A0DF4700F9489D /* Products */;
			projectDirPath = "";
			projectRoot = "";
			targets = (
				DACFD41E22A0DF4700F9489D /* Futbol Source */,
			);
		};
/* End PBXProject section */

/* Begin PBXResourcesBuildPhase section */
		DACFD41D22A0DF4700F9489D /* Resources */ = {
			isa = PBXResourcesBuildPhase;
			buildActionMask = 2147483647;
			files = (
				DACFD42D22A0DF4800F9489D /* LaunchScreen.storyboard in Resources */,
				DACFD42A22A0DF4800F9489D /* Assets.xcassets in Resources */,
				DACFD42822A0DF4700F9489D /* Main.storyboard in Resources */,
			);
			runOnlyForDeploymentPostprocessing = 0;
		};
/* End PBXResourcesBuildPhase section */

/* Begin PBXShellScriptBuildPhase section */
		5EF923246F573D2B7139E5A0 /* [CP] Check Pods Manifest.lock */ = {
			isa = PBXShellScriptBuildPhase;
			buildActionMask = 2147483647;
			files = (
			);
			inputFileListPaths = (
			);
			inputPaths = (
				"${PODS_PODFILE_DIR_PATH}/Podfile.lock",
				"${PODS_ROOT}/Manifest.lock",
			);
			name = "[CP] Check Pods Manifest.lock";
			outputFileListPaths = (
			);
			outputPaths = (
				"$(DERIVED_FILE_DIR)/Pods-Futbol Source-checkManifestLockResult.txt",
			);
			runOnlyForDeploymentPostprocessing = 0;
			shellPath = /bin/sh;
			shellScript = "diff \"${PODS_PODFILE_DIR_PATH}/Podfile.lock\" \"${PODS_ROOT}/Manifest.lock\" > /dev/null\nif [ $? != 0 ] ; then\n    # print error to STDERR\n    echo \"error: The sandbox is not in sync with the Podfile.lock. Run 'pod install' or update your CocoaPods installation.\" >&2\n    exit 1\nfi\n# This output is used by Xcode 'outputs' to avoid re-running this script phase.\necho \"SUCCESS\" > \"${SCRIPT_OUTPUT_FILE_0}\"\n";
			showEnvVarsInLog = 0;
		};
		DDC7FFC5121F25AA0E9B01AE /* [CP] Embed Pods Frameworks */ = {
			isa = PBXShellScriptBuildPhase;
			buildActionMask = 2147483647;
			files = (
			);
			inputFileListPaths = (
				"${PODS_ROOT}/Target Support Files/Pods-Futbol Source/Pods-Futbol Source-frameworks-${CONFIGURATION}-input-files.xcfilelist",
			);
			name = "[CP] Embed Pods Frameworks";
			outputFileListPaths = (
				"${PODS_ROOT}/Target Support Files/Pods-Futbol Source/Pods-Futbol Source-frameworks-${CONFIGURATION}-output-files.xcfilelist",
			);
			runOnlyForDeploymentPostprocessing = 0;
			shellPath = /bin/sh;
			shellScript = "\"${PODS_ROOT}/Target Support Files/Pods-Futbol Source/Pods-Futbol Source-frameworks.sh\"\n";
			showEnvVarsInLog = 0;
		};
/* End PBXShellScriptBuildPhase section */

/* Begin PBXSourcesBuildPhase section */
		DACFD41B22A0DF4700F9489D /* Sources */ = {
			isa = PBXSourcesBuildPhase;
			buildActionMask = 2147483647;
			files = (
				DA8697E422A1F9DE00176317 /* LeagueAPI.swift in Sources */,
				DAB0C68722A0E7A500A3AF8D /* Theme.swift in Sources */,
				DA8697DB22A1DCDA00176317 /* LeaguesCollectionVC.swift in Sources */,
				DAB0C68A22A0E9E900A3AF8D /* UISearchBarApperance.swift in Sources */,
				DA8697E122A1F7BD00176317 /* API_Endpoints.swift in Sources */,
				DA8697DD22A1DD8000176317 /* LeaguesCollectionViewCell.swift in Sources */,
				DAB0C69122A106CE00A3AF8D /* DataSet.swift in Sources */,
				DAB0C69322A107A000A3AF8D /* Leagues.swift in Sources */,
				DACFD42322A0DF4700F9489D /* AppDelegate.swift in Sources */,
			);
			runOnlyForDeploymentPostprocessing = 0;
		};
/* End PBXSourcesBuildPhase section */

/* Begin PBXVariantGroup section */
		DACFD42622A0DF4700F9489D /* Main.storyboard */ = {
			isa = PBXVariantGroup;
			children = (
				DACFD42722A0DF4700F9489D /* Base */,
			);
			name = Main.storyboard;
			sourceTree = "<group>";
		};
		DACFD42B22A0DF4800F9489D /* LaunchScreen.storyboard */ = {
			isa = PBXVariantGroup;
			children = (
				DACFD42C22A0DF4800F9489D /* Base */,
			);
			name = LaunchScreen.storyboard;
			sourceTree = "<group>";
		};
/* End PBXVariantGroup section */

/* Begin XCBuildConfiguration section */
		DACFD42F22A0DF4800F9489D /* Debug */ = {
			isa = XCBuildConfiguration;
			buildSettings = {
				ALWAYS_SEARCH_USER_PATHS = NO;
				CLANG_ANALYZER_NONNULL = YES;
				CLANG_ANALYZER_NUMBER_OBJECT_CONVERSION = YES_AGGRESSIVE;
				CLANG_CXX_LANGUAGE_STANDARD = "gnu++14";
				CLANG_CXX_LIBRARY = "libc++";
				CLANG_ENABLE_MODULES = YES;
				CLANG_ENABLE_OBJC_ARC = YES;
				CLANG_ENABLE_OBJC_WEAK = YES;
				CLANG_WARN_BLOCK_CAPTURE_AUTORELEASING = YES;
				CLANG_WARN_BOOL_CONVERSION = YES;
				CLANG_WARN_COMMA = YES;
				CLANG_WARN_CONSTANT_CONVERSION = YES;
				CLANG_WARN_DEPRECATED_OBJC_IMPLEMENTATIONS = YES;
				CLANG_WARN_DIRECT_OBJC_ISA_USAGE = YES_ERROR;
				CLANG_WARN_DOCUMENTATION_COMMENTS = YES;
				CLANG_WARN_EMPTY_BODY = YES;
				CLANG_WARN_ENUM_CONVERSION = YES;
				CLANG_WARN_INFINITE_RECURSION = YES;
				CLANG_WARN_INT_CONVERSION = YES;
				CLANG_WARN_NON_LITERAL_NULL_CONVERSION = YES;
				CLANG_WARN_OBJC_IMPLICIT_RETAIN_SELF = YES;
				CLANG_WARN_OBJC_LITERAL_CONVERSION = YES;
				CLANG_WARN_OBJC_ROOT_CLASS = YES_ERROR;
				CLANG_WARN_RANGE_LOOP_ANALYSIS = YES;
				CLANG_WARN_STRICT_PROTOTYPES = YES;
				CLANG_WARN_SUSPICIOUS_MOVE = YES;
				CLANG_WARN_UNGUARDED_AVAILABILITY = YES_AGGRESSIVE;
				CLANG_WARN_UNREACHABLE_CODE = YES;
				CLANG_WARN__DUPLICATE_METHOD_MATCH = YES;
				CODE_SIGN_IDENTITY = "iPhone Developer";
				COPY_PHASE_STRIP = NO;
				DEBUG_INFORMATION_FORMAT = dwarf;
				ENABLE_STRICT_OBJC_MSGSEND = YES;
				ENABLE_TESTABILITY = YES;
				GCC_C_LANGUAGE_STANDARD = gnu11;
				GCC_DYNAMIC_NO_PIC = NO;
				GCC_NO_COMMON_BLOCKS = YES;
				GCC_OPTIMIZATION_LEVEL = 0;
				GCC_PREPROCESSOR_DEFINITIONS = (
					"DEBUG=1",
					"$(inherited)",
				);
				GCC_WARN_64_TO_32_BIT_CONVERSION = YES;
				GCC_WARN_ABOUT_RETURN_TYPE = YES_ERROR;
				GCC_WARN_UNDECLARED_SELECTOR = YES;
				GCC_WARN_UNINITIALIZED_AUTOS = YES_AGGRESSIVE;
				GCC_WARN_UNUSED_FUNCTION = YES;
				GCC_WARN_UNUSED_VARIABLE = YES;
				IPHONEOS_DEPLOYMENT_TARGET = 12.2;
				MTL_ENABLE_DEBUG_INFO = INCLUDE_SOURCE;
				MTL_FAST_MATH = YES;
				ONLY_ACTIVE_ARCH = YES;
				SDKROOT = iphoneos;
				SWIFT_ACTIVE_COMPILATION_CONDITIONS = DEBUG;
				SWIFT_OPTIMIZATION_LEVEL = "-Onone";
			};
			name = Debug;
		};
		DACFD43022A0DF4800F9489D /* Release */ = {
			isa = XCBuildConfiguration;
			buildSettings = {
				ALWAYS_SEARCH_USER_PATHS = NO;
				CLANG_ANALYZER_NONNULL = YES;
				CLANG_ANALYZER_NUMBER_OBJECT_CONVERSION = YES_AGGRESSIVE;
				CLANG_CXX_LANGUAGE_STANDARD = "gnu++14";
				CLANG_CXX_LIBRARY = "libc++";
				CLANG_ENABLE_MODULES = YES;
				CLANG_ENABLE_OBJC_ARC = YES;
				CLANG_ENABLE_OBJC_WEAK = YES;
				CLANG_WARN_BLOCK_CAPTURE_AUTORELEASING = YES;
				CLANG_WARN_BOOL_CONVERSION = YES;
				CLANG_WARN_COMMA = YES;
				CLANG_WARN_CONSTANT_CONVERSION = YES;
				CLANG_WARN_DEPRECATED_OBJC_IMPLEMENTATIONS = YES;
				CLANG_WARN_DIRECT_OBJC_ISA_USAGE = YES_ERROR;
				CLANG_WARN_DOCUMENTATION_COMMENTS = YES;
				CLANG_WARN_EMPTY_BODY = YES;
				CLANG_WARN_ENUM_CONVERSION = YES;
				CLANG_WARN_INFINITE_RECURSION = YES;
				CLANG_WARN_INT_CONVERSION = YES;
				CLANG_WARN_NON_LITERAL_NULL_CONVERSION = YES;
				CLANG_WARN_OBJC_IMPLICIT_RETAIN_SELF = YES;
				CLANG_WARN_OBJC_LITERAL_CONVERSION = YES;
				CLANG_WARN_OBJC_ROOT_CLASS = YES_ERROR;
				CLANG_WARN_RANGE_LOOP_ANALYSIS = YES;
				CLANG_WARN_STRICT_PROTOTYPES = YES;
				CLANG_WARN_SUSPICIOUS_MOVE = YES;
				CLANG_WARN_UNGUARDED_AVAILABILITY = YES_AGGRESSIVE;
				CLANG_WARN_UNREACHABLE_CODE = YES;
				CLANG_WARN__DUPLICATE_METHOD_MATCH = YES;
				CODE_SIGN_IDENTITY = "iPhone Developer";
				COPY_PHASE_STRIP = NO;
				DEBUG_INFORMATION_FORMAT = "dwarf-with-dsym";
				ENABLE_NS_ASSERTIONS = NO;
				ENABLE_STRICT_OBJC_MSGSEND = YES;
				GCC_C_LANGUAGE_STANDARD = gnu11;
				GCC_NO_COMMON_BLOCKS = YES;
				GCC_WARN_64_TO_32_BIT_CONVERSION = YES;
				GCC_WARN_ABOUT_RETURN_TYPE = YES_ERROR;
				GCC_WARN_UNDECLARED_SELECTOR = YES;
				GCC_WARN_UNINITIALIZED_AUTOS = YES_AGGRESSIVE;
				GCC_WARN_UNUSED_FUNCTION = YES;
				GCC_WARN_UNUSED_VARIABLE = YES;
				IPHONEOS_DEPLOYMENT_TARGET = 12.2;
				MTL_ENABLE_DEBUG_INFO = NO;
				MTL_FAST_MATH = YES;
				SDKROOT = iphoneos;
				SWIFT_COMPILATION_MODE = wholemodule;
				SWIFT_OPTIMIZATION_LEVEL = "-O";
				VALIDATE_PRODUCT = YES;
			};
			name = Release;
		};
		DACFD43222A0DF4800F9489D /* Debug */ = {
			isa = XCBuildConfiguration;
			baseConfigurationReference = DCBE0D9550806CFF816EC409 /* Pods-Futbol Source.debug.xcconfig */;
			buildSettings = {
				ASSETCATALOG_COMPILER_APPICON_NAME = AppIcon;
				CODE_SIGN_STYLE = Automatic;
				DEVELOPMENT_TEAM = L5PJHUVTXH;
				INFOPLIST_FILE = "Futbol Source/Info.plist";
				LD_RUNPATH_SEARCH_PATHS = (
					"$(inherited)",
					"@executable_path/Frameworks",
				);
				PRODUCT_BUNDLE_IDENTIFIER = "Canela.Futbol-Source";
				PRODUCT_NAME = "$(TARGET_NAME)";
				SWIFT_VERSION = 5.0;
				TARGETED_DEVICE_FAMILY = "1,2";
			};
			name = Debug;
		};
		DACFD43322A0DF4800F9489D /* Release */ = {
			isa = XCBuildConfiguration;
			baseConfigurationReference = 77908679D61AE604442B8F09 /* Pods-Futbol Source.release.xcconfig */;
			buildSettings = {
				ASSETCATALOG_COMPILER_APPICON_NAME = AppIcon;
				CODE_SIGN_STYLE = Automatic;
				DEVELOPMENT_TEAM = L5PJHUVTXH;
				INFOPLIST_FILE = "Futbol Source/Info.plist";
				LD_RUNPATH_SEARCH_PATHS = (
					"$(inherited)",
					"@executable_path/Frameworks",
				);
				PRODUCT_BUNDLE_IDENTIFIER = "Canela.Futbol-Source";
				PRODUCT_NAME = "$(TARGET_NAME)";
				SWIFT_VERSION = 5.0;
				TARGETED_DEVICE_FAMILY = "1,2";
			};
			name = Release;
		};
/* End XCBuildConfiguration section */

/* Begin XCConfigurationList section */
		DACFD41A22A0DF4700F9489D /* Build configuration list for PBXProject "Futbol Source" */ = {
			isa = XCConfigurationList;
			buildConfigurations = (
				DACFD42F22A0DF4800F9489D /* Debug */,
				DACFD43022A0DF4800F9489D /* Release */,
			);
			defaultConfigurationIsVisible = 0;
			defaultConfigurationName = Release;
		};
		DACFD43122A0DF4800F9489D /* Build configuration list for PBXNativeTarget "Futbol Source" */ = {
			isa = XCConfigurationList;
			buildConfigurations = (
				DACFD43222A0DF4800F9489D /* Debug */,
				DACFD43322A0DF4800F9489D /* Release */,
			);
			defaultConfigurationIsVisible = 0;
			defaultConfigurationName = Release;
		};
/* End XCConfigurationList section */
	};
	rootObject = DACFD41722A0DF4700F9489D /* Project object */;
}
